// !$*UTF8*$!
{
	archiveVersion = 1;
	classes = {
	};
	objectVersion = 46;
	objects = {

/* Begin PBXAggregateTarget section */
		175492A21BD8425100CE428B /* UniversalLib */ = {
			isa = PBXAggregateTarget;
			buildConfigurationList = 175492A31BD8425100CE428B /* Build configuration list for PBXAggregateTarget "UniversalLib" */;
			buildPhases = (
				175492A61BD8427100CE428B /* ShellScript */,
			);
			dependencies = (
			);
			name = UniversalLib;
			productName = UniversalLib;
		};
/* End PBXAggregateTarget section */

/* Begin PBXBuildFile section */
		1748C67A1BDE8FF200C1D346 /* BICValidateSessionSimulator.m in Sources */ = {isa = PBXBuildFile; fileRef = 1748C6791BDE8FF200C1D346 /* BICValidateSessionSimulator.m */; settings = {ASSET_TAGS = (); }; };
		1748C67D1BDE902700C1D346 /* BICProcessTransactionSimulator.m in Sources */ = {isa = PBXBuildFile; fileRef = 1748C67C1BDE902700C1D346 /* BICProcessTransactionSimulator.m */; settings = {ASSET_TAGS = (); }; };
		1748C6801BDE905C00C1D346 /* BICSearchTransactionsSimulator.m in Sources */ = {isa = PBXBuildFile; fileRef = 1748C67F1BDE905C00C1D346 /* BICSearchTransactionsSimulator.m */; settings = {ASSET_TAGS = (); }; };
		1748C6831BDE908600C1D346 /* BICReceiptSimulator.m in Sources */ = {isa = PBXBuildFile; fileRef = 1748C6821BDE908600C1D346 /* BICReceiptSimulator.m */; settings = {ASSET_TAGS = (); }; };
		1748C6891BDE90F500C1D346 /* BICAttachSignatureSimulator.m in Sources */ = {isa = PBXBuildFile; fileRef = 1748C6881BDE90F500C1D346 /* BICAttachSignatureSimulator.m */; settings = {ASSET_TAGS = (); }; };
		1748C68C1BDE91A800C1D346 /* BICAbandonSessionSimulator.m in Sources */ = {isa = PBXBuildFile; fileRef = 1748C68B1BDE91A800C1D346 /* BICAbandonSessionSimulator.m */; settings = {ASSET_TAGS = (); }; };
		1748C68F1BDE9A1900C1D346 /* BICSimulatorState.m in Sources */ = {isa = PBXBuildFile; fileRef = 1748C68E1BDE9A1900C1D346 /* BICSimulatorState.m */; settings = {ASSET_TAGS = (); }; };
		1754925C1BD6B24000CE428B /* BICBeanstreamAPISimulator.h in CopyFiles */ = {isa = PBXBuildFile; fileRef = 1754925B1BD6B24000CE428B /* BICBeanstreamAPISimulator.h */; };
		1754925E1BD6B24000CE428B /* BICBeanstreamAPISimulator.m in Sources */ = {isa = PBXBuildFile; fileRef = 1754925D1BD6B24000CE428B /* BICBeanstreamAPISimulator.m */; };
		17ED1BBF1BDAD4A200C1CCAE /* BICCreateSessionSimulator.m in Sources */ = {isa = PBXBuildFile; fileRef = 17ED1BBD1BDAD45500C1CCAE /* BICCreateSessionSimulator.m */; };
		17ED1BC51BDB013B00C1CCAE /* BICPinPadConnectionSimulator.m in Sources */ = {isa = PBXBuildFile; fileRef = 17ED1BC41BDB013B00C1CCAE /* BICPinPadConnectionSimulator.m */; settings = {ASSET_TAGS = (); }; };
		17ED1BC81BDB016500C1CCAE /* BICInitializePinPadSimulator.m in Sources */ = {isa = PBXBuildFile; fileRef = 17ED1BC71BDB016500C1CCAE /* BICInitializePinPadSimulator.m */; settings = {ASSET_TAGS = (); }; };
		17ED1BCB1BDB018A00C1CCAE /* BICUpdatePinPadSimulator.m in Sources */ = {isa = PBXBuildFile; fileRef = 17ED1BCA1BDB018A00C1CCAE /* BICUpdatePinPadSimulator.m */; settings = {ASSET_TAGS = (); }; };
/* End PBXBuildFile section */

/* Begin PBXCopyFilesBuildPhase section */
		175492561BD6B24000CE428B /* CopyFiles */ = {
			isa = PBXCopyFilesBuildPhase;
			buildActionMask = 2147483647;
			dstPath = include;
			dstSubfolderSpec = 16;
			files = (
				1754925C1BD6B24000CE428B /* BICBeanstreamAPISimulator.h in CopyFiles */,
			);
			runOnlyForDeploymentPostprocessing = 0;
		};
/* End PBXCopyFilesBuildPhase section */

/* Begin PBXFileReference section */
		1748C6781BDE8FE600C1D346 /* BICValidateSessionSimulator.h */ = {isa = PBXFileReference; fileEncoding = 4; lastKnownFileType = sourcecode.c.h; path = BICValidateSessionSimulator.h; sourceTree = "<group>"; };
		1748C6791BDE8FF200C1D346 /* BICValidateSessionSimulator.m */ = {isa = PBXFileReference; fileEncoding = 4; lastKnownFileType = sourcecode.c.objc; path = BICValidateSessionSimulator.m; sourceTree = "<group>"; };
		1748C67B1BDE901B00C1D346 /* BICProcessTransactionSimulator.h */ = {isa = PBXFileReference; fileEncoding = 4; lastKnownFileType = sourcecode.c.h; path = BICProcessTransactionSimulator.h; sourceTree = "<group>"; };
		1748C67C1BDE902700C1D346 /* BICProcessTransactionSimulator.m */ = {isa = PBXFileReference; fileEncoding = 4; lastKnownFileType = sourcecode.c.objc; path = BICProcessTransactionSimulator.m; sourceTree = "<group>"; };
		1748C67E1BDE904800C1D346 /* BICSearchTransactionsSimulator.h */ = {isa = PBXFileReference; fileEncoding = 4; lastKnownFileType = sourcecode.c.h; path = BICSearchTransactionsSimulator.h; sourceTree = "<group>"; };
		1748C67F1BDE905C00C1D346 /* BICSearchTransactionsSimulator.m */ = {isa = PBXFileReference; fileEncoding = 4; lastKnownFileType = sourcecode.c.objc; path = BICSearchTransactionsSimulator.m; sourceTree = "<group>"; };
		1748C6811BDE907A00C1D346 /* BICReceiptSimulator.h */ = {isa = PBXFileReference; fileEncoding = 4; lastKnownFileType = sourcecode.c.h; path = BICReceiptSimulator.h; sourceTree = "<group>"; };
		1748C6821BDE908600C1D346 /* BICReceiptSimulator.m */ = {isa = PBXFileReference; fileEncoding = 4; lastKnownFileType = sourcecode.c.objc; path = BICReceiptSimulator.m; sourceTree = "<group>"; };
		1748C6871BDE90EC00C1D346 /* BICAttachSignatureSimulator.h */ = {isa = PBXFileReference; fileEncoding = 4; lastKnownFileType = sourcecode.c.h; path = BICAttachSignatureSimulator.h; sourceTree = "<group>"; };
		1748C6881BDE90F500C1D346 /* BICAttachSignatureSimulator.m */ = {isa = PBXFileReference; fileEncoding = 4; lastKnownFileType = sourcecode.c.objc; path = BICAttachSignatureSimulator.m; sourceTree = "<group>"; };
		1748C68A1BDE919A00C1D346 /* BICAbandonSessionSimulator.h */ = {isa = PBXFileReference; fileEncoding = 4; lastKnownFileType = sourcecode.c.h; path = BICAbandonSessionSimulator.h; sourceTree = "<group>"; };
		1748C68B1BDE91A800C1D346 /* BICAbandonSessionSimulator.m */ = {isa = PBXFileReference; fileEncoding = 4; lastKnownFileType = sourcecode.c.objc; path = BICAbandonSessionSimulator.m; sourceTree = "<group>"; };
		1748C68D1BDE996C00C1D346 /* BICSimulatorState.h */ = {isa = PBXFileReference; fileEncoding = 4; lastKnownFileType = sourcecode.c.h; path = BICSimulatorState.h; sourceTree = "<group>"; };
		1748C68E1BDE9A1900C1D346 /* BICSimulatorState.m */ = {isa = PBXFileReference; fileEncoding = 4; lastKnownFileType = sourcecode.c.objc; path = BICSimulatorState.m; sourceTree = "<group>"; };
		175492581BD6B24000CE428B /* libBeanstreamAPISimulator.a */ = {isa = PBXFileReference; explicitFileType = archive.ar; includeInIndex = 0; path = libBeanstreamAPISimulator.a; sourceTree = BUILT_PRODUCTS_DIR; };
		1754925B1BD6B24000CE428B /* BICBeanstreamAPISimulator.h */ = {isa = PBXFileReference; lastKnownFileType = sourcecode.c.h; path = BICBeanstreamAPISimulator.h; sourceTree = "<group>"; };
		1754925D1BD6B24000CE428B /* BICBeanstreamAPISimulator.m */ = {isa = PBXFileReference; lastKnownFileType = sourcecode.c.objc; path = BICBeanstreamAPISimulator.m; sourceTree = "<group>"; };
		175492B21BD9713000CE428B /* BICAbandonSessionResponse.h */ = {isa = PBXFileReference; fileEncoding = 4; lastKnownFileType = sourcecode.c.h; path = BICAbandonSessionResponse.h; sourceTree = "<group>"; };
		175492B31BD9713000CE428B /* BICAttachSignatureResponse.h */ = {isa = PBXFileReference; fileEncoding = 4; lastKnownFileType = sourcecode.c.h; path = BICAttachSignatureResponse.h; sourceTree = "<group>"; };
		175492B41BD9713000CE428B /* BICBeanstreamAPI.h */ = {isa = PBXFileReference; fileEncoding = 4; lastKnownFileType = sourcecode.c.h; path = BICBeanstreamAPI.h; sourceTree = "<group>"; };
		175492B51BD9713000CE428B /* BICCreateSessionResponse.h */ = {isa = PBXFileReference; fileEncoding = 4; lastKnownFileType = sourcecode.c.h; path = BICCreateSessionResponse.h; sourceTree = "<group>"; };
		175492B61BD9713000CE428B /* BICDownloadFileRequest.h */ = {isa = PBXFileReference; fileEncoding = 4; lastKnownFileType = sourcecode.c.h; path = BICDownloadFileRequest.h; sourceTree = "<group>"; };
		175492B71BD9713000CE428B /* BICDownloadFileResponse.h */ = {isa = PBXFileReference; fileEncoding = 4; lastKnownFileType = sourcecode.c.h; path = BICDownloadFileResponse.h; sourceTree = "<group>"; };
		175492B81BD9713000CE428B /* BICInitPinPadResponse.h */ = {isa = PBXFileReference; fileEncoding = 4; lastKnownFileType = sourcecode.c.h; path = BICInitPinPadResponse.h; sourceTree = "<group>"; };
		175492B91BD9713000CE428B /* BICLineItem.h */ = {isa = PBXFileReference; fileEncoding = 4; lastKnownFileType = sourcecode.c.h; path = BICLineItem.h; sourceTree = "<group>"; };
		175492BA1BD9713000CE428B /* BICPreferences.h */ = {isa = PBXFileReference; fileEncoding = 4; lastKnownFileType = sourcecode.c.h; path = BICPreferences.h; sourceTree = "<group>"; };
		175492BB1BD9713000CE428B /* BICReceiptResponse.h */ = {isa = PBXFileReference; fileEncoding = 4; lastKnownFileType = sourcecode.c.h; path = BICReceiptResponse.h; sourceTree = "<group>"; };
		175492BC1BD9713000CE428B /* BICRequest.h */ = {isa = PBXFileReference; fileEncoding = 4; lastKnownFileType = sourcecode.c.h; path = BICRequest.h; sourceTree = "<group>"; };
		175492BD1BD9713000CE428B /* BICResponse.h */ = {isa = PBXFileReference; fileEncoding = 4; lastKnownFileType = sourcecode.c.h; path = BICResponse.h; sourceTree = "<group>"; };
		175492BE1BD9713000CE428B /* BICSDKConstants.h */ = {isa = PBXFileReference; fileEncoding = 4; lastKnownFileType = sourcecode.c.h; path = BICSDKConstants.h; sourceTree = "<group>"; };
		175492BF1BD9713000CE428B /* BICSDKError.h */ = {isa = PBXFileReference; fileEncoding = 4; lastKnownFileType = sourcecode.c.h; path = BICSDKError.h; sourceTree = "<group>"; };
		175492C01BD9713000CE428B /* BICSearchTransactionsRequest.h */ = {isa = PBXFileReference; fileEncoding = 4; lastKnownFileType = sourcecode.c.h; path = BICSearchTransactionsRequest.h; sourceTree = "<group>"; };
		175492C11BD9713000CE428B /* BICSearchTransactionsResponse.h */ = {isa = PBXFileReference; fileEncoding = 4; lastKnownFileType = sourcecode.c.h; path = BICSearchTransactionsResponse.h; sourceTree = "<group>"; };
		175492C21BD9713000CE428B /* BICTransactionDetail.h */ = {isa = PBXFileReference; fileEncoding = 4; lastKnownFileType = sourcecode.c.h; path = BICTransactionDetail.h; sourceTree = "<group>"; };
		175492C31BD9713000CE428B /* BICTransactionRequest.h */ = {isa = PBXFileReference; fileEncoding = 4; lastKnownFileType = sourcecode.c.h; path = BICTransactionRequest.h; sourceTree = "<group>"; };
		175492C41BD9713000CE428B /* BICTransactionResponse.h */ = {isa = PBXFileReference; fileEncoding = 4; lastKnownFileType = sourcecode.c.h; path = BICTransactionResponse.h; sourceTree = "<group>"; };
		175492C51BD9713000CE428B /* BICUpdatePinPadResponse.h */ = {isa = PBXFileReference; fileEncoding = 4; lastKnownFileType = sourcecode.c.h; path = BICUpdatePinPadResponse.h; sourceTree = "<group>"; };
		175492C61BD9713000CE428B /* BICValidateSessionResponse.h */ = {isa = PBXFileReference; fileEncoding = 4; lastKnownFileType = sourcecode.c.h; path = BICValidateSessionResponse.h; sourceTree = "<group>"; };
		175492C71BD9713000CE428B /* BICXMLRequestSerializer.h */ = {isa = PBXFileReference; fileEncoding = 4; lastKnownFileType = sourcecode.c.h; path = BICXMLRequestSerializer.h; sourceTree = "<group>"; };
		175492C81BD9713000CE428B /* EMVAccessoryDelegate.h */ = {isa = PBXFileReference; fileEncoding = 4; lastKnownFileType = sourcecode.c.h; path = EMVAccessoryDelegate.h; sourceTree = "<group>"; };
		175492C91BD9713000CE428B /* EMVAccessoryHandler.h */ = {isa = PBXFileReference; fileEncoding = 4; lastKnownFileType = sourcecode.c.h; path = EMVAccessoryHandler.h; sourceTree = "<group>"; };
		175492CA1BD9713000CE428B /* EMVProcessor.h */ = {isa = PBXFileReference; fileEncoding = 4; lastKnownFileType = sourcecode.c.h; path = EMVProcessor.h; sourceTree = "<group>"; };
		175492CB1BD9713000CE428B /* Gateway.h */ = {isa = PBXFileReference; fileEncoding = 4; lastKnownFileType = sourcecode.c.h; path = Gateway.h; sourceTree = "<group>"; };
		175492D01BD9713000CE428B /* TransactionKeys.h */ = {isa = PBXFileReference; fileEncoding = 4; lastKnownFileType = sourcecode.c.h; path = TransactionKeys.h; sourceTree = "<group>"; };
		175492D11BD9713000CE428B /* XmlParser.h */ = {isa = PBXFileReference; fileEncoding = 4; lastKnownFileType = sourcecode.c.h; path = XmlParser.h; sourceTree = "<group>"; };
		17ED1BBC1BDAD45500C1CCAE /* BICCreateSessionSimulator.h */ = {isa = PBXFileReference; fileEncoding = 4; lastKnownFileType = sourcecode.c.h; path = BICCreateSessionSimulator.h; sourceTree = "<group>"; };
		17ED1BBD1BDAD45500C1CCAE /* BICCreateSessionSimulator.m */ = {isa = PBXFileReference; fileEncoding = 4; lastKnownFileType = sourcecode.c.objc; path = BICCreateSessionSimulator.m; sourceTree = "<group>"; };
		17ED1BC31BDB012D00C1CCAE /* BICPinPadConnectionSimulator.h */ = {isa = PBXFileReference; fileEncoding = 4; lastKnownFileType = sourcecode.c.h; path = BICPinPadConnectionSimulator.h; sourceTree = "<group>"; };
		17ED1BC41BDB013B00C1CCAE /* BICPinPadConnectionSimulator.m */ = {isa = PBXFileReference; fileEncoding = 4; lastKnownFileType = sourcecode.c.objc; path = BICPinPadConnectionSimulator.m; sourceTree = "<group>"; };
		17ED1BC61BDB015800C1CCAE /* BICInitializePinPadSimulator.h */ = {isa = PBXFileReference; fileEncoding = 4; lastKnownFileType = sourcecode.c.h; path = BICInitializePinPadSimulator.h; sourceTree = "<group>"; };
		17ED1BC71BDB016500C1CCAE /* BICInitializePinPadSimulator.m */ = {isa = PBXFileReference; fileEncoding = 4; lastKnownFileType = sourcecode.c.objc; path = BICInitializePinPadSimulator.m; sourceTree = "<group>"; };
		17ED1BC91BDB018100C1CCAE /* BICUpdatePinPadSimulator.h */ = {isa = PBXFileReference; fileEncoding = 4; lastKnownFileType = sourcecode.c.h; path = BICUpdatePinPadSimulator.h; sourceTree = "<group>"; };
		17ED1BCA1BDB018A00C1CCAE /* BICUpdatePinPadSimulator.m */ = {isa = PBXFileReference; fileEncoding = 4; lastKnownFileType = sourcecode.c.objc; path = BICUpdatePinPadSimulator.m; sourceTree = "<group>"; };
/* End PBXFileReference section */

/* Begin PBXFrameworksBuildPhase section */
		175492551BD6B24000CE428B /* Frameworks */ = {
			isa = PBXFrameworksBuildPhase;
			buildActionMask = 2147483647;
			files = (
			);
			runOnlyForDeploymentPostprocessing = 0;
		};
/* End PBXFrameworksBuildPhase section */

/* Begin PBXGroup section */
		1754924F1BD6B24000CE428B = {
			isa = PBXGroup;
			children = (
				175492641BD6B35C00CE428B /* Frameworks */,
				1754925A1BD6B24000CE428B /* BeanstreamAPISimulator */,
				175492591BD6B24000CE428B /* Products */,
			);
			sourceTree = "<group>";
		};
		175492591BD6B24000CE428B /* Products */ = {
			isa = PBXGroup;
			children = (
				175492581BD6B24000CE428B /* libBeanstreamAPISimulator.a */,
			);
			name = Products;
			sourceTree = "<group>";
		};
		1754925A1BD6B24000CE428B /* BeanstreamAPISimulator */ = {
			isa = PBXGroup;
			children = (
				17ED1BBB1BDAD45500C1CCAE /* Simulators */,
				1754925B1BD6B24000CE428B /* BICBeanstreamAPISimulator.h */,
				1754925D1BD6B24000CE428B /* BICBeanstreamAPISimulator.m */,
				1748C68D1BDE996C00C1D346 /* BICSimulatorState.h */,
				1748C68E1BDE9A1900C1D346 /* BICSimulatorState.m */,
			);
			path = BeanstreamAPISimulator;
			sourceTree = "<group>";
		};
		175492641BD6B35C00CE428B /* Frameworks */ = {
			isa = PBXGroup;
			children = (
				175492B11BD9713000CE428B /* Beanstream.SDK */,
			);
			name = Frameworks;
			sourceTree = "<group>";
		};
		175492B11BD9713000CE428B /* Beanstream.SDK */ = {
			isa = PBXGroup;
			children = (
				175492B21BD9713000CE428B /* BICAbandonSessionResponse.h */,
				175492B31BD9713000CE428B /* BICAttachSignatureResponse.h */,
				175492B41BD9713000CE428B /* BICBeanstreamAPI.h */,
				175492B51BD9713000CE428B /* BICCreateSessionResponse.h */,
				175492B61BD9713000CE428B /* BICDownloadFileRequest.h */,
				175492B71BD9713000CE428B /* BICDownloadFileResponse.h */,
				175492B81BD9713000CE428B /* BICInitPinPadResponse.h */,
				175492B91BD9713000CE428B /* BICLineItem.h */,
				175492BA1BD9713000CE428B /* BICPreferences.h */,
				175492BB1BD9713000CE428B /* BICReceiptResponse.h */,
				175492BC1BD9713000CE428B /* BICRequest.h */,
				175492BD1BD9713000CE428B /* BICResponse.h */,
				175492BE1BD9713000CE428B /* BICSDKConstants.h */,
				175492BF1BD9713000CE428B /* BICSDKError.h */,
				175492C01BD9713000CE428B /* BICSearchTransactionsRequest.h */,
				175492C11BD9713000CE428B /* BICSearchTransactionsResponse.h */,
				175492C21BD9713000CE428B /* BICTransactionDetail.h */,
				175492C31BD9713000CE428B /* BICTransactionRequest.h */,
				175492C41BD9713000CE428B /* BICTransactionResponse.h */,
				175492C51BD9713000CE428B /* BICUpdatePinPadResponse.h */,
				175492C61BD9713000CE428B /* BICValidateSessionResponse.h */,
				175492C71BD9713000CE428B /* BICXMLRequestSerializer.h */,
				175492C81BD9713000CE428B /* EMVAccessoryDelegate.h */,
				175492C91BD9713000CE428B /* EMVAccessoryHandler.h */,
				175492CA1BD9713000CE428B /* EMVProcessor.h */,
				175492CB1BD9713000CE428B /* Gateway.h */,
				175492D01BD9713000CE428B /* TransactionKeys.h */,
				175492D11BD9713000CE428B /* XmlParser.h */,
			);
			name = Beanstream.SDK;
			path = ../Beanstream.SDK;
			sourceTree = "<group>";
		};
		17ED1BBB1BDAD45500C1CCAE /* Simulators */ = {
			isa = PBXGroup;
			children = (
				1748C68A1BDE919A00C1D346 /* BICAbandonSessionSimulator.h */,
				1748C68B1BDE91A800C1D346 /* BICAbandonSessionSimulator.m */,
				17ED1BBC1BDAD45500C1CCAE /* BICCreateSessionSimulator.h */,
				17ED1BBD1BDAD45500C1CCAE /* BICCreateSessionSimulator.m */,
				1748C6781BDE8FE600C1D346 /* BICValidateSessionSimulator.h */,
				1748C6791BDE8FF200C1D346 /* BICValidateSessionSimulator.m */,
				17ED1BC31BDB012D00C1CCAE /* BICPinPadConnectionSimulator.h */,
				17ED1BC41BDB013B00C1CCAE /* BICPinPadConnectionSimulator.m */,
				17ED1BC61BDB015800C1CCAE /* BICInitializePinPadSimulator.h */,
				17ED1BC71BDB016500C1CCAE /* BICInitializePinPadSimulator.m */,
				17ED1BC91BDB018100C1CCAE /* BICUpdatePinPadSimulator.h */,
				17ED1BCA1BDB018A00C1CCAE /* BICUpdatePinPadSimulator.m */,
				1748C67B1BDE901B00C1D346 /* BICProcessTransactionSimulator.h */,
				1748C67C1BDE902700C1D346 /* BICProcessTransactionSimulator.m */,
				1748C67E1BDE904800C1D346 /* BICSearchTransactionsSimulator.h */,
				1748C67F1BDE905C00C1D346 /* BICSearchTransactionsSimulator.m */,
				1748C6811BDE907A00C1D346 /* BICReceiptSimulator.h */,
				1748C6821BDE908600C1D346 /* BICReceiptSimulator.m */,
				1748C6871BDE90EC00C1D346 /* BICAttachSignatureSimulator.h */,
				1748C6881BDE90F500C1D346 /* BICAttachSignatureSimulator.m */,
			);
			path = Simulators;
			sourceTree = "<group>";
		};
/* End PBXGroup section */

/* Begin PBXNativeTarget section */
		175492571BD6B24000CE428B /* BeanstreamAPISimulator */ = {
			isa = PBXNativeTarget;
			buildConfigurationList = 175492611BD6B24000CE428B /* Build configuration list for PBXNativeTarget "BeanstreamAPISimulator" */;
			buildPhases = (
				175492541BD6B24000CE428B /* Sources */,
				175492551BD6B24000CE428B /* Frameworks */,
				175492561BD6B24000CE428B /* CopyFiles */,
			);
			buildRules = (
			);
			dependencies = (
			);
			name = BeanstreamAPISimulator;
			productName = BeanstreamAPISimulator;
			productReference = 175492581BD6B24000CE428B /* libBeanstreamAPISimulator.a */;
			productType = "com.apple.product-type.library.static";
		};
/* End PBXNativeTarget section */

/* Begin PBXProject section */
		175492501BD6B24000CE428B /* Project object */ = {
			isa = PBXProject;
			attributes = {
				LastUpgradeCheck = 0700;
				ORGANIZATIONNAME = Beanstream;
				TargetAttributes = {
					175492571BD6B24000CE428B = {
						CreatedOnToolsVersion = 7.0.1;
					};
					175492A21BD8425100CE428B = {
						CreatedOnToolsVersion = 7.0.1;
					};
				};
			};
			buildConfigurationList = 175492531BD6B24000CE428B /* Build configuration list for PBXProject "BeanstreamAPISimulator" */;
			compatibilityVersion = "Xcode 3.2";
			developmentRegion = English;
			hasScannedForEncodings = 0;
			knownRegions = (
				en,
			);
			mainGroup = 1754924F1BD6B24000CE428B;
			productRefGroup = 175492591BD6B24000CE428B /* Products */;
			projectDirPath = "";
			projectRoot = "";
			targets = (
				175492571BD6B24000CE428B /* BeanstreamAPISimulator */,
				175492A21BD8425100CE428B /* UniversalLib */,
			);
		};
/* End PBXProject section */

/* Begin PBXShellScriptBuildPhase section */
		175492A61BD8427100CE428B /* ShellScript */ = {
			isa = PBXShellScriptBuildPhase;
			buildActionMask = 2147483647;
			files = (
			);
			inputPaths = (
			);
			outputPaths = (
			);
			runOnlyForDeploymentPostprocessing = 0;
			shellPath = /bin/sh;
			shellScript = "# Exit on error\nset -e\n\n# define output folder environment variable\nUNIVERSAL_OUTPUTFOLDER=${BUILD_DIR}/Universal/${PROJECT_NAME}\n\n\n# Step 1. Build Device and Simulator versions\nxcodebuild -target ${PROJECT_NAME} ONLY_ACTIVE_ARCH=NO -configuration ${CONFIGURATION} -sdk iphoneos  BUILD_DIR=\"${BUILD_DIR}\" BUILD_ROOT=\"${BUILD_ROOT}\"\n\nxcodebuild -target ${PROJECT_NAME} -sdk iphonesimulator  ONLY_ACTIVE_ARCH=NO -configuration ${CONFIGURATION} BUILD_DIR=\"${BUILD_DIR}\" BUILD_ROOT=\"${BUILD_ROOT}\"\n\n# make sure the output directory exists\nmkdir -p \"${UNIVERSAL_OUTPUTFOLDER}\"\n\n# Step 2. Create universal binary file using lipo\nlipo -create -output \"${UNIVERSAL_OUTPUTFOLDER}/lib${PROJECT_NAME}.a\" \"${BUILD_DIR}/${CONFIGURATION}-iphoneos/lib${PROJECT_NAME}.a\" \"${BUILD_DIR}/${CONFIGURATION}-iphonesimulator/lib${PROJECT_NAME}.a\"\n\n# Last touch. copy the header files. Just for convenience\ncp -R \"${BUILD_DIR}/${CONFIGURATION}-iphoneos/include/\" \"${UNIVERSAL_OUTPUTFOLDER}/\"";
		};
/* End PBXShellScriptBuildPhase section */

/* Begin PBXSourcesBuildPhase section */
		175492541BD6B24000CE428B /* Sources */ = {
			isa = PBXSourcesBuildPhase;
			buildActionMask = 2147483647;
			files = (
				1748C6831BDE908600C1D346 /* BICReceiptSimulator.m in Sources */,
				1748C6801BDE905C00C1D346 /* BICSearchTransactionsSimulator.m in Sources */,
				1748C67A1BDE8FF200C1D346 /* BICValidateSessionSimulator.m in Sources */,
				1748C68F1BDE9A1900C1D346 /* BICSimulatorState.m in Sources */,
				1748C68C1BDE91A800C1D346 /* BICAbandonSessionSimulator.m in Sources */,
				17ED1BC81BDB016500C1CCAE /* BICInitializePinPadSimulator.m in Sources */,
				17ED1BCB1BDB018A00C1CCAE /* BICUpdatePinPadSimulator.m in Sources */,
				1748C67D1BDE902700C1D346 /* BICProcessTransactionSimulator.m in Sources */,
				1754925E1BD6B24000CE428B /* BICBeanstreamAPISimulator.m in Sources */,
				17ED1BBF1BDAD4A200C1CCAE /* BICCreateSessionSimulator.m in Sources */,
				1748C6891BDE90F500C1D346 /* BICAttachSignatureSimulator.m in Sources */,
				17ED1BC51BDB013B00C1CCAE /* BICPinPadConnectionSimulator.m in Sources */,
			);
			runOnlyForDeploymentPostprocessing = 0;
		};
/* End PBXSourcesBuildPhase section */

/* Begin XCBuildConfiguration section */
		1754925F1BD6B24000CE428B /* Debug */ = {
			isa = XCBuildConfiguration;
			buildSettings = {
				ALWAYS_SEARCH_USER_PATHS = NO;
				CLANG_CXX_LANGUAGE_STANDARD = "gnu++0x";
				CLANG_CXX_LIBRARY = "libc++";
				CLANG_ENABLE_MODULES = YES;
				CLANG_ENABLE_OBJC_ARC = YES;
				CLANG_WARN_BOOL_CONVERSION = YES;
				CLANG_WARN_CONSTANT_CONVERSION = YES;
				CLANG_WARN_DIRECT_OBJC_ISA_USAGE = YES_ERROR;
				CLANG_WARN_EMPTY_BODY = YES;
				CLANG_WARN_ENUM_CONVERSION = YES;
				CLANG_WARN_INT_CONVERSION = YES;
				CLANG_WARN_OBJC_ROOT_CLASS = YES_ERROR;
				CLANG_WARN_UNREACHABLE_CODE = YES;
				CLANG_WARN__DUPLICATE_METHOD_MATCH = YES;
				COPY_PHASE_STRIP = NO;
				DEBUG_INFORMATION_FORMAT = dwarf;
				ENABLE_STRICT_OBJC_MSGSEND = YES;
				ENABLE_TESTABILITY = YES;
				GCC_C_LANGUAGE_STANDARD = gnu99;
				GCC_DYNAMIC_NO_PIC = NO;
				GCC_NO_COMMON_BLOCKS = YES;
				GCC_OPTIMIZATION_LEVEL = 0;
				GCC_PREPROCESSOR_DEFINITIONS = (
					"DEBUG=1",
					"$(inherited)",
				);
				GCC_WARN_64_TO_32_BIT_CONVERSION = YES;
				GCC_WARN_ABOUT_RETURN_TYPE = YES_ERROR;
				GCC_WARN_UNDECLARED_SELECTOR = YES;
				GCC_WARN_UNINITIALIZED_AUTOS = YES_AGGRESSIVE;
				GCC_WARN_UNUSED_FUNCTION = YES;
				GCC_WARN_UNUSED_VARIABLE = YES;
				IPHONEOS_DEPLOYMENT_TARGET = 9.0;
				MTL_ENABLE_DEBUG_INFO = YES;
				ONLY_ACTIVE_ARCH = YES;
				SDKROOT = iphoneos;
			};
			name = Debug;
		};
		175492601BD6B24000CE428B /* Release */ = {
			isa = XCBuildConfiguration;
			buildSettings = {
				ALWAYS_SEARCH_USER_PATHS = NO;
				CLANG_CXX_LANGUAGE_STANDARD = "gnu++0x";
				CLANG_CXX_LIBRARY = "libc++";
				CLANG_ENABLE_MODULES = YES;
				CLANG_ENABLE_OBJC_ARC = YES;
				CLANG_WARN_BOOL_CONVERSION = YES;
				CLANG_WARN_CONSTANT_CONVERSION = YES;
				CLANG_WARN_DIRECT_OBJC_ISA_USAGE = YES_ERROR;
				CLANG_WARN_EMPTY_BODY = YES;
				CLANG_WARN_ENUM_CONVERSION = YES;
				CLANG_WARN_INT_CONVERSION = YES;
				CLANG_WARN_OBJC_ROOT_CLASS = YES_ERROR;
				CLANG_WARN_UNREACHABLE_CODE = YES;
				CLANG_WARN__DUPLICATE_METHOD_MATCH = YES;
				COPY_PHASE_STRIP = NO;
				DEBUG_INFORMATION_FORMAT = "dwarf-with-dsym";
				ENABLE_NS_ASSERTIONS = NO;
				ENABLE_STRICT_OBJC_MSGSEND = YES;
				GCC_C_LANGUAGE_STANDARD = gnu99;
				GCC_NO_COMMON_BLOCKS = YES;
				GCC_WARN_64_TO_32_BIT_CONVERSION = YES;
				GCC_WARN_ABOUT_RETURN_TYPE = YES_ERROR;
				GCC_WARN_UNDECLARED_SELECTOR = YES;
				GCC_WARN_UNINITIALIZED_AUTOS = YES_AGGRESSIVE;
				GCC_WARN_UNUSED_FUNCTION = YES;
				GCC_WARN_UNUSED_VARIABLE = YES;
				IPHONEOS_DEPLOYMENT_TARGET = 9.0;
				MTL_ENABLE_DEBUG_INFO = NO;
				SDKROOT = iphoneos;
				VALIDATE_PRODUCT = YES;
			};
			name = Release;
		};
		175492621BD6B24000CE428B /* Debug */ = {
			isa = XCBuildConfiguration;
			buildSettings = {
				CLANG_ENABLE_MODULES = NO;
				FRAMEWORK_SEARCH_PATHS = "";
				HEADER_SEARCH_PATHS = "\"$(SRCROOT)/../Beanstream.SDK\"";
				ONLY_ACTIVE_ARCH = NO;
				OTHER_LDFLAGS = "-ObjC";
				PRODUCT_NAME = "$(TARGET_NAME)";
				SKIP_INSTALL = YES;
				VALID_ARCHS = "armv7 armv7s arm64 i386 x86_64";
			};
			name = Debug;
		};
		175492631BD6B24000CE428B /* Release */ = {
			isa = XCBuildConfiguration;
			buildSettings = {
				CLANG_ENABLE_MODULES = NO;
				FRAMEWORK_SEARCH_PATHS = "";
				HEADER_SEARCH_PATHS = "\"$(SRCROOT)/../Beanstream.SDK\"";
				ONLY_ACTIVE_ARCH = NO;
				OTHER_LDFLAGS = "-ObjC";
				PRODUCT_NAME = "$(TARGET_NAME)";
				SKIP_INSTALL = YES;
				VALID_ARCHS = "armv7 armv7s arm64 i386 x86_64";
			};
			name = Release;
		};
		175492A41BD8425100CE428B /* Debug */ = {
			isa = XCBuildConfiguration;
			buildSettings = {
				ONLY_ACTIVE_ARCH = NO;
				PRODUCT_NAME = "$(TARGET_NAME)";
				VALID_ARCHS = "armv7 armv7s arm64 i386 x86_64";
			};
			name = Debug;
		};
		175492A51BD8425100CE428B /* Release */ = {
			isa = XCBuildConfiguration;
			buildSettings = {
				ONLY_ACTIVE_ARCH = NO;
				PRODUCT_NAME = "$(TARGET_NAME)";
				VALID_ARCHS = "armv7 armv7s arm64 i386 x86_64";
			};
			name = Release;
		};
/* End XCBuildConfiguration section */

/* Begin XCConfigurationList section */
		175492531BD6B24000CE428B /* Build configuration list for PBXProject "BeanstreamAPISimulator" */ = {
			isa = XCConfigurationList;
			buildConfigurations = (
				1754925F1BD6B24000CE428B /* Debug */,
				175492601BD6B24000CE428B /* Release */,
			);
			defaultConfigurationIsVisible = 0;
			defaultConfigurationName = Release;
		};
		175492611BD6B24000CE428B /* Build configuration list for PBXNativeTarget "BeanstreamAPISimulator" */ = {
			isa = XCConfigurationList;
			buildConfigurations = (
				175492621BD6B24000CE428B /* Debug */,
				175492631BD6B24000CE428B /* Release */,
			);
			defaultConfigurationIsVisible = 0;
			defaultConfigurationName = Release;
		};
		175492A31BD8425100CE428B /* Build configuration list for PBXAggregateTarget "UniversalLib" */ = {
			isa = XCConfigurationList;
			buildConfigurations = (
				175492A41BD8425100CE428B /* Debug */,
				175492A51BD8425100CE428B /* Release */,
			);
			defaultConfigurationIsVisible = 0;
			defaultConfigurationName = Release;
		};
/* End XCConfigurationList section */
	};
	rootObject = 175492501BD6B24000CE428B /* Project object */;
}
